
Microsoft Visual Studio Solution File, Format Version 12.00
# Visual Studio Version 17
VisualStudioVersion = 17.9.34616.47
MinimumVisualStudioVersion = 10.0.40219.1
Project("{FAE04EC0-301F-11D3-BF4B-00C04F79EFBC}") = "01_IntroToCSharp", "01_IntroToCSharp\01_IntroToCSharp.csproj", "{FF7EB73A-0D3D-4435-9E33-8DA57C264D03}"
EndProject
Global
	GlobalSection(SolutionConfigurationPlatforms) = preSolution
		Debug|Any CPU = Debug|Any CPU
		Release|Any CPU = Release|Any CPU
	EndGlobalSection
	GlobalSection(ProjectConfigurationPlatforms) = postSolution
		{FF7EB73A-0D3D-4435-9E33-8DA57C264D03}.Debug|Any CPU.ActiveCfg = Debug|Any CPU
		{FF7EB73A-0D3D-4435-9E33-8DA57C264D03}.Debug|Any CPU.Build.0 = Debug|Any CPU
		{FF7EB73A-0D3D-4435-9E33-8DA57C264D03}.Release|Any CPU.ActiveCfg = Release|Any CPU
		{FF7EB73A-0D3D-4435-9E33-8DA57C264D03}.Release|Any CPU.Build.0 = Release|Any CPU
	EndGlobalSection
	GlobalSection(SolutionProperties) = preSolution
		HideSolutionNode = FALSE
	EndGlobalSection
	GlobalSection(ExtensibilityGlobals) = postSolution
		SolutionGuid = {DDDC8305-38BE-4330-ACF3-A1D11C86F6EB}
	EndGlobalSection
EndGlobal
