
Microsoft Visual Studio Solution File, Format Version 12.00
# Visual Studio Version 17
VisualStudioVersion = 17.9.34616.47
MinimumVisualStudioVersion = 10.0.40219.1
Project("{9A19103F-16F7-4668-BE54-9A1E7A4F7556}") = "01_IntroToCSharp", "01_IntroToCSharp\01_IntroToCSharp.csproj", "{FF7EB73A-0D3D-4435-9E33-8DA57C264D03}"
EndProject
Project("{9A19103F-16F7-4668-BE54-9A1E7A4F7556}") = "02_Array", "02_Array\02_Array.csproj", "{5A0E9AA4-B2F6-49E9-A471-9D1B97EAA1AB}"
EndProject
Project("{9A19103F-16F7-4668-BE54-9A1E7A4F7556}") = "03_String", "03_String\03_String.csproj", "{B3747B4C-3BD8-4FC1-BAA8-29F4111096DD}"
EndProject
Project("{9A19103F-16F7-4668-BE54-9A1E7A4F7556}") = "04_OOP", "04_OOP\04_OOP.csproj", "{32AA808E-FCA9-4C92-A8DD-D92CADF2BF02}"
EndProject
Project("{9A19103F-16F7-4668-BE54-9A1E7A4F7556}") = "05_Class", "05_Class\05_Class.csproj", "{0C0A8647-499B-4777-BFBE-1AC8F93CC269}"
EndProject
Project("{9A19103F-16F7-4668-BE54-9A1E7A4F7556}") = "06_Exception", "06_Exception\06_Exception.csproj", "{D67ACB2A-F255-4486-B031-570845D73514}"
EndProject
Project("{9A19103F-16F7-4668-BE54-9A1E7A4F7556}") = "07_Operators", "07_Operators\07_Operators.csproj", "{B7554044-BCE2-4F73-952A-48A70B50DCEB}"
EndProject
Project("{9A19103F-16F7-4668-BE54-9A1E7A4F7556}") = "08_Indexer", "08_Indexer\08_Indexer.csproj", "{6397FC48-0F96-4E96-A976-3A580C2E53DD}"
EndProject
Project("{9A19103F-16F7-4668-BE54-9A1E7A4F7556}") = "09_Interfaces", "09_Interfaces\09_Interfaces.csproj", "{CAB839C9-9739-4EB8-AC8D-2891C307A635}"
EndProject
Project("{9A19103F-16F7-4668-BE54-9A1E7A4F7556}") = "10_Delegates", "10_Delegates\10_Delegates.csproj", "{BBC6C06C-AADB-4A67-B116-301520EA13BB}"
EndProject
Project("{9A19103F-16F7-4668-BE54-9A1E7A4F7556}") = "11_Enum", "11_Enum\11_Enum.csproj", "{E9EF402F-8182-409C-B810-A83B368A01E8}"
EndProject
Project("{9A19103F-16F7-4668-BE54-9A1E7A4F7556}") = "18_AbstractFactory", "18_AbstractFactory\18_AbstractFactory.csproj", "{4864F5D8-4F56-4A00-8A32-1D7B58340E64}"
EndProject
Project("{9A19103F-16F7-4668-BE54-9A1E7A4F7556}") = "12_Event", "12_Event\12_Event.csproj", "{3AB3EFAD-54A7-4645-A130-7C56BC42DD4C}"
EndProject
Project("{9A19103F-16F7-4668-BE54-9A1E7A4F7556}") = "13_Dictionary", "13_Dictionary\13_Dictionary.csproj", "{CDC2A8A6-8A25-41FB-A4AC-9E3CE792908F}"
EndProject
Project("{FAE04EC0-301F-11D3-BF4B-00C04F79EFBC}") = "14_Generics", "14_Generics\14_Generics.csproj", "{19A904DC-974D-45F2-BC97-83F0ECD8A6DD}"
EndProject
Global
	GlobalSection(SolutionConfigurationPlatforms) = preSolution
		Debug|Any CPU = Debug|Any CPU
		Release|Any CPU = Release|Any CPU
	EndGlobalSection
	GlobalSection(ProjectConfigurationPlatforms) = postSolution
		{FF7EB73A-0D3D-4435-9E33-8DA57C264D03}.Debug|Any CPU.ActiveCfg = Debug|Any CPU
		{FF7EB73A-0D3D-4435-9E33-8DA57C264D03}.Debug|Any CPU.Build.0 = Debug|Any CPU
		{FF7EB73A-0D3D-4435-9E33-8DA57C264D03}.Release|Any CPU.ActiveCfg = Release|Any CPU
		{FF7EB73A-0D3D-4435-9E33-8DA57C264D03}.Release|Any CPU.Build.0 = Release|Any CPU
		{5A0E9AA4-B2F6-49E9-A471-9D1B97EAA1AB}.Debug|Any CPU.ActiveCfg = Debug|Any CPU
		{5A0E9AA4-B2F6-49E9-A471-9D1B97EAA1AB}.Debug|Any CPU.Build.0 = Debug|Any CPU
		{5A0E9AA4-B2F6-49E9-A471-9D1B97EAA1AB}.Release|Any CPU.ActiveCfg = Release|Any CPU
		{5A0E9AA4-B2F6-49E9-A471-9D1B97EAA1AB}.Release|Any CPU.Build.0 = Release|Any CPU
		{B3747B4C-3BD8-4FC1-BAA8-29F4111096DD}.Debug|Any CPU.ActiveCfg = Debug|Any CPU
		{B3747B4C-3BD8-4FC1-BAA8-29F4111096DD}.Debug|Any CPU.Build.0 = Debug|Any CPU
		{B3747B4C-3BD8-4FC1-BAA8-29F4111096DD}.Release|Any CPU.ActiveCfg = Release|Any CPU
		{B3747B4C-3BD8-4FC1-BAA8-29F4111096DD}.Release|Any CPU.Build.0 = Release|Any CPU
		{32AA808E-FCA9-4C92-A8DD-D92CADF2BF02}.Debug|Any CPU.ActiveCfg = Debug|Any CPU
		{32AA808E-FCA9-4C92-A8DD-D92CADF2BF02}.Debug|Any CPU.Build.0 = Debug|Any CPU
		{32AA808E-FCA9-4C92-A8DD-D92CADF2BF02}.Release|Any CPU.ActiveCfg = Release|Any CPU
		{32AA808E-FCA9-4C92-A8DD-D92CADF2BF02}.Release|Any CPU.Build.0 = Release|Any CPU
		{0C0A8647-499B-4777-BFBE-1AC8F93CC269}.Debug|Any CPU.ActiveCfg = Debug|Any CPU
		{0C0A8647-499B-4777-BFBE-1AC8F93CC269}.Debug|Any CPU.Build.0 = Debug|Any CPU
		{0C0A8647-499B-4777-BFBE-1AC8F93CC269}.Release|Any CPU.ActiveCfg = Release|Any CPU
		{0C0A8647-499B-4777-BFBE-1AC8F93CC269}.Release|Any CPU.Build.0 = Release|Any CPU
		{D67ACB2A-F255-4486-B031-570845D73514}.Debug|Any CPU.ActiveCfg = Debug|Any CPU
		{D67ACB2A-F255-4486-B031-570845D73514}.Debug|Any CPU.Build.0 = Debug|Any CPU
		{D67ACB2A-F255-4486-B031-570845D73514}.Release|Any CPU.ActiveCfg = Release|Any CPU
		{D67ACB2A-F255-4486-B031-570845D73514}.Release|Any CPU.Build.0 = Release|Any CPU
		{B7554044-BCE2-4F73-952A-48A70B50DCEB}.Debug|Any CPU.ActiveCfg = Debug|Any CPU
		{B7554044-BCE2-4F73-952A-48A70B50DCEB}.Debug|Any CPU.Build.0 = Debug|Any CPU
		{B7554044-BCE2-4F73-952A-48A70B50DCEB}.Release|Any CPU.ActiveCfg = Release|Any CPU
		{B7554044-BCE2-4F73-952A-48A70B50DCEB}.Release|Any CPU.Build.0 = Release|Any CPU
		{6397FC48-0F96-4E96-A976-3A580C2E53DD}.Debug|Any CPU.ActiveCfg = Debug|Any CPU
		{6397FC48-0F96-4E96-A976-3A580C2E53DD}.Debug|Any CPU.Build.0 = Debug|Any CPU
		{6397FC48-0F96-4E96-A976-3A580C2E53DD}.Release|Any CPU.ActiveCfg = Release|Any CPU
		{6397FC48-0F96-4E96-A976-3A580C2E53DD}.Release|Any CPU.Build.0 = Release|Any CPU
		{CAB839C9-9739-4EB8-AC8D-2891C307A635}.Debug|Any CPU.ActiveCfg = Debug|Any CPU
		{CAB839C9-9739-4EB8-AC8D-2891C307A635}.Debug|Any CPU.Build.0 = Debug|Any CPU
		{CAB839C9-9739-4EB8-AC8D-2891C307A635}.Release|Any CPU.ActiveCfg = Release|Any CPU
		{CAB839C9-9739-4EB8-AC8D-2891C307A635}.Release|Any CPU.Build.0 = Release|Any CPU
		{BBC6C06C-AADB-4A67-B116-301520EA13BB}.Debug|Any CPU.ActiveCfg = Debug|Any CPU
		{BBC6C06C-AADB-4A67-B116-301520EA13BB}.Debug|Any CPU.Build.0 = Debug|Any CPU
		{BBC6C06C-AADB-4A67-B116-301520EA13BB}.Release|Any CPU.ActiveCfg = Release|Any CPU
		{BBC6C06C-AADB-4A67-B116-301520EA13BB}.Release|Any CPU.Build.0 = Release|Any CPU
		{E9EF402F-8182-409C-B810-A83B368A01E8}.Debug|Any CPU.ActiveCfg = Debug|Any CPU
		{E9EF402F-8182-409C-B810-A83B368A01E8}.Debug|Any CPU.Build.0 = Debug|Any CPU
		{E9EF402F-8182-409C-B810-A83B368A01E8}.Release|Any CPU.ActiveCfg = Release|Any CPU
		{E9EF402F-8182-409C-B810-A83B368A01E8}.Release|Any CPU.Build.0 = Release|Any CPU
		{4864F5D8-4F56-4A00-8A32-1D7B58340E64}.Debug|Any CPU.ActiveCfg = Debug|Any CPU
		{4864F5D8-4F56-4A00-8A32-1D7B58340E64}.Debug|Any CPU.Build.0 = Debug|Any CPU
		{4864F5D8-4F56-4A00-8A32-1D7B58340E64}.Release|Any CPU.ActiveCfg = Release|Any CPU
		{4864F5D8-4F56-4A00-8A32-1D7B58340E64}.Release|Any CPU.Build.0 = Release|Any CPU
		{3AB3EFAD-54A7-4645-A130-7C56BC42DD4C}.Debug|Any CPU.ActiveCfg = Debug|Any CPU
		{3AB3EFAD-54A7-4645-A130-7C56BC42DD4C}.Debug|Any CPU.Build.0 = Debug|Any CPU
		{3AB3EFAD-54A7-4645-A130-7C56BC42DD4C}.Release|Any CPU.ActiveCfg = Release|Any CPU
		{3AB3EFAD-54A7-4645-A130-7C56BC42DD4C}.Release|Any CPU.Build.0 = Release|Any CPU
		{CDC2A8A6-8A25-41FB-A4AC-9E3CE792908F}.Debug|Any CPU.ActiveCfg = Debug|Any CPU
		{CDC2A8A6-8A25-41FB-A4AC-9E3CE792908F}.Debug|Any CPU.Build.0 = Debug|Any CPU
		{CDC2A8A6-8A25-41FB-A4AC-9E3CE792908F}.Release|Any CPU.ActiveCfg = Release|Any CPU
		{CDC2A8A6-8A25-41FB-A4AC-9E3CE792908F}.Release|Any CPU.Build.0 = Release|Any CPU
		{19A904DC-974D-45F2-BC97-83F0ECD8A6DD}.Debug|Any CPU.ActiveCfg = Debug|Any CPU
		{19A904DC-974D-45F2-BC97-83F0ECD8A6DD}.Debug|Any CPU.Build.0 = Debug|Any CPU
		{19A904DC-974D-45F2-BC97-83F0ECD8A6DD}.Release|Any CPU.ActiveCfg = Release|Any CPU
		{19A904DC-974D-45F2-BC97-83F0ECD8A6DD}.Release|Any CPU.Build.0 = Release|Any CPU
	EndGlobalSection
	GlobalSection(SolutionProperties) = preSolution
		HideSolutionNode = FALSE
	EndGlobalSection
	GlobalSection(ExtensibilityGlobals) = postSolution
		SolutionGuid = {DDDC8305-38BE-4330-ACF3-A1D11C86F6EB}
	EndGlobalSection
EndGlobal
